
Microsoft Visual Studio Solution File, Format Version 12.00
# Visual Studio Version 16
VisualStudioVersion = 16.0.32002.261
MinimumVisualStudioVersion = 10.0.40219.1
Project("{FAE04EC0-301F-11D3-BF4B-00C04F79EFBC}") = "UdemyAuthServer.API", "UdemyAuthServer.API\UdemyAuthServer.API.csproj", "{59AAC2A7-76B7-4729-A06E-2B0076D86721}"
EndProject
Project("{FAE04EC0-301F-11D3-BF4B-00C04F79EFBC}") = "UdemyAuthServer.Core", "UdemyAuthServer.Core\UdemyAuthServer.Core.csproj", "{05357379-B3EE-4465-9075-E04A683796B4}"
EndProject
Project("{FAE04EC0-301F-11D3-BF4B-00C04F79EFBC}") = "UdemyAuthServer.Data", "UdemyAuthServer.Data\UdemyAuthServer.Data.csproj", "{1C53BFFE-61CA-432B-93FB-EA555E664A5B}"
EndProject
Project("{FAE04EC0-301F-11D3-BF4B-00C04F79EFBC}") = "UdemyAuthServer.Service", "UdemyAuthServer.Service\UdemyAuthServer.Service.csproj", "{0ADA608D-7D9C-453E-93F5-708D0B164CD1}"
EndProject
Project("{FAE04EC0-301F-11D3-BF4B-00C04F79EFBC}") = "MiniApp1.API", "MiniApp1.API\MiniApp1.API.csproj", "{7A122246-0A9B-42F8-BD44-E4AE88967B32}"
EndProject
Project("{FAE04EC0-301F-11D3-BF4B-00C04F79EFBC}") = "MiniApp2.API", "MiniApp2.API\MiniApp2.API.csproj", "{6C48A573-E15D-470A-99A8-D90BD4800768}"
EndProject
Project("{FAE04EC0-301F-11D3-BF4B-00C04F79EFBC}") = "MiniApp3.API", "MiniApp3.API\MiniApp3.API.csproj", "{92449670-00F2-4228-82A6-91A4F5CF6D05}"
EndProject
Project("{FAE04EC0-301F-11D3-BF4B-00C04F79EFBC}") = "SharedLibrary", "SharedLibrary\SharedLibrary.csproj", "{5450D874-B733-47B9-9342-BE87457FE940}"
EndProject
Global
	GlobalSection(SolutionConfigurationPlatforms) = preSolution
		Debug|Any CPU = Debug|Any CPU
		Release|Any CPU = Release|Any CPU
	EndGlobalSection
	GlobalSection(ProjectConfigurationPlatforms) = postSolution
		{59AAC2A7-76B7-4729-A06E-2B0076D86721}.Debug|Any CPU.ActiveCfg = Debug|Any CPU
		{59AAC2A7-76B7-4729-A06E-2B0076D86721}.Debug|Any CPU.Build.0 = Debug|Any CPU
		{59AAC2A7-76B7-4729-A06E-2B0076D86721}.Release|Any CPU.ActiveCfg = Release|Any CPU
		{59AAC2A7-76B7-4729-A06E-2B0076D86721}.Release|Any CPU.Build.0 = Release|Any CPU
		{05357379-B3EE-4465-9075-E04A683796B4}.Debug|Any CPU.ActiveCfg = Debug|Any CPU
		{05357379-B3EE-4465-9075-E04A683796B4}.Debug|Any CPU.Build.0 = Debug|Any CPU
		{05357379-B3EE-4465-9075-E04A683796B4}.Release|Any CPU.ActiveCfg = Release|Any CPU
		{05357379-B3EE-4465-9075-E04A683796B4}.Release|Any CPU.Build.0 = Release|Any CPU
		{1C53BFFE-61CA-432B-93FB-EA555E664A5B}.Debug|Any CPU.ActiveCfg = Debug|Any CPU
		{1C53BFFE-61CA-432B-93FB-EA555E664A5B}.Debug|Any CPU.Build.0 = Debug|Any CPU
		{1C53BFFE-61CA-432B-93FB-EA555E664A5B}.Release|Any CPU.ActiveCfg = Release|Any CPU
		{1C53BFFE-61CA-432B-93FB-EA555E664A5B}.Release|Any CPU.Build.0 = Release|Any CPU
		{0ADA608D-7D9C-453E-93F5-708D0B164CD1}.Debug|Any CPU.ActiveCfg = Debug|Any CPU
		{0ADA608D-7D9C-453E-93F5-708D0B164CD1}.Debug|Any CPU.Build.0 = Debug|Any CPU
		{0ADA608D-7D9C-453E-93F5-708D0B164CD1}.Release|Any CPU.ActiveCfg = Release|Any CPU
		{0ADA608D-7D9C-453E-93F5-708D0B164CD1}.Release|Any CPU.Build.0 = Release|Any CPU
		{7A122246-0A9B-42F8-BD44-E4AE88967B32}.Debug|Any CPU.ActiveCfg = Debug|Any CPU
		{7A122246-0A9B-42F8-BD44-E4AE88967B32}.Debug|Any CPU.Build.0 = Debug|Any CPU
		{7A122246-0A9B-42F8-BD44-E4AE88967B32}.Release|Any CPU.ActiveCfg = Release|Any CPU
		{7A122246-0A9B-42F8-BD44-E4AE88967B32}.Release|Any CPU.Build.0 = Release|Any CPU
		{6C48A573-E15D-470A-99A8-D90BD4800768}.Debug|Any CPU.ActiveCfg = Debug|Any CPU
		{6C48A573-E15D-470A-99A8-D90BD4800768}.Debug|Any CPU.Build.0 = Debug|Any CPU
		{6C48A573-E15D-470A-99A8-D90BD4800768}.Release|Any CPU.ActiveCfg = Release|Any CPU
		{6C48A573-E15D-470A-99A8-D90BD4800768}.Release|Any CPU.Build.0 = Release|Any CPU
		{92449670-00F2-4228-82A6-91A4F5CF6D05}.Debug|Any CPU.ActiveCfg = Debug|Any CPU
		{92449670-00F2-4228-82A6-91A4F5CF6D05}.Debug|Any CPU.Build.0 = Debug|Any CPU
		{92449670-00F2-4228-82A6-91A4F5CF6D05}.Release|Any CPU.ActiveCfg = Release|Any CPU
		{92449670-00F2-4228-82A6-91A4F5CF6D05}.Release|Any CPU.Build.0 = Release|Any CPU
		{5450D874-B733-47B9-9342-BE87457FE940}.Debug|Any CPU.ActiveCfg = Debug|Any CPU
		{5450D874-B733-47B9-9342-BE87457FE940}.Debug|Any CPU.Build.0 = Debug|Any CPU
		{5450D874-B733-47B9-9342-BE87457FE940}.Release|Any CPU.ActiveCfg = Release|Any CPU
		{5450D874-B733-47B9-9342-BE87457FE940}.Release|Any CPU.Build.0 = Release|Any CPU
	EndGlobalSection
	GlobalSection(SolutionProperties) = preSolution
		HideSolutionNode = FALSE
	EndGlobalSection
	GlobalSection(ExtensibilityGlobals) = postSolution
		SolutionGuid = {FC866CF0-2A02-4592-972E-3A79A6D17A2C}
	EndGlobalSection
EndGlobal
